
Microsoft Visual Studio Solution File, Format Version 12.00
# Visual Studio 15
Project("{FAE04EC0-301F-11D3-BF4B-00C04F79EFBC}") = "UniRx", "UniRx.csproj", "{CE3F08E1-274E-62DF-38C4-E6F708F34882}"
EndProject
Project("{FAE04EC0-301F-11D3-BF4B-00C04F79EFBC}") = "UniRx.Examples", "UniRx.Examples.csproj", "{40F71991-787B-3BE1-5A17-732E4935912D}"
EndProject
Project("{FAE04EC0-301F-11D3-BF4B-00C04F79EFBC}") = "Assembly-CSharp", "Assembly-CSharp.csproj", "{28CC84B1-297B-52F0-2447-F306572DD74C}"
EndProject
Global
	GlobalSection(SolutionConfigurationPlatforms) = preSolution
		Debug|Any CPU = Debug|Any CPU
		Release|Any CPU = Release|Any CPU
	EndGlobalSection
	GlobalSection(ProjectConfigurationPlatforms) = postSolution
		{CE3F08E1-274E-62DF-38C4-E6F708F34882}.Debug|Any CPU.ActiveCfg = Debug|Any CPU
		{CE3F08E1-274E-62DF-38C4-E6F708F34882}.Debug|Any CPU.Build.0 = Debug|Any CPU
		{CE3F08E1-274E-62DF-38C4-E6F708F34882}.Release|Any CPU.ActiveCfg = Release|Any CPU
		{CE3F08E1-274E-62DF-38C4-E6F708F34882}.Release|Any CPU.Build.0 = Release|Any CPU
		{40F71991-787B-3BE1-5A17-732E4935912D}.Debug|Any CPU.ActiveCfg = Debug|Any CPU
		{40F71991-787B-3BE1-5A17-732E4935912D}.Debug|Any CPU.Build.0 = Debug|Any CPU
		{40F71991-787B-3BE1-5A17-732E4935912D}.Release|Any CPU.ActiveCfg = Release|Any CPU
		{40F71991-787B-3BE1-5A17-732E4935912D}.Release|Any CPU.Build.0 = Release|Any CPU
		{28CC84B1-297B-52F0-2447-F306572DD74C}.Debug|Any CPU.ActiveCfg = Debug|Any CPU
		{28CC84B1-297B-52F0-2447-F306572DD74C}.Debug|Any CPU.Build.0 = Debug|Any CPU
		{28CC84B1-297B-52F0-2447-F306572DD74C}.Release|Any CPU.ActiveCfg = Release|Any CPU
		{28CC84B1-297B-52F0-2447-F306572DD74C}.Release|Any CPU.Build.0 = Release|Any CPU
	EndGlobalSection
	GlobalSection(SolutionProperties) = preSolution
		HideSolutionNode = FALSE
	EndGlobalSection
EndGlobal
